
Microsoft Visual Studio Solution File, Format Version 12.00
# Visual Studio Version 16
VisualStudioVersion = 16.0.31624.102
MinimumVisualStudioVersion = 10.0.40219.1
Project("{FAE04EC0-301F-11D3-BF4B-00C04F79EFBC}") = "HealthTracker", "HealthTracker\HealthTracker.csproj", "{4CC820FE-7810-45D9-9669-158E26A3C225}"
EndProject
Global
	GlobalSection(SolutionConfigurationPlatforms) = preSolution
		Debug|Any CPU = Debug|Any CPU
		Release|Any CPU = Release|Any CPU
	EndGlobalSection
	GlobalSection(ProjectConfigurationPlatforms) = postSolution
		{4CC820FE-7810-45D9-9669-158E26A3C225}.Debug|Any CPU.ActiveCfg = Debug|Any CPU
		{4CC820FE-7810-45D9-9669-158E26A3C225}.Debug|Any CPU.Build.0 = Debug|Any CPU
		{4CC820FE-7810-45D9-9669-158E26A3C225}.Release|Any CPU.ActiveCfg = Release|Any CPU
		{4CC820FE-7810-45D9-9669-158E26A3C225}.Release|Any CPU.Build.0 = Release|Any CPU
	EndGlobalSection
	GlobalSection(SolutionProperties) = preSolution
		HideSolutionNode = FALSE
	EndGlobalSection
	GlobalSection(ExtensibilityGlobals) = postSolution
		SolutionGuid = {D003EF25-587D-46FB-B346-3462E825F659}
	EndGlobalSection
EndGlobal
